# THIS IS AN AUTOGENERATED FILE. DO NOT EDIT THIS FILE DIRECTLY.
# yarn lockfile v1


matplotnode@^0.3.1:
  version "0.3.1"
  resolved "https://registry.yarnpkg.com/matplotnode/-/matplotnode-0.3.1.tgz#68d47ed25902d8eb47ca369ddf22c9a411b77504"
  integrity sha512-F6XygdUgx7aQ+YZwWjF5tl+pmMWVZRU0bakEXPYqZkxw8QWA6cg5JokkWJ/xQAcvWwMKOfvCe6wsuENe66ZiyA==
